
Microsoft Visual Studio Solution File, Format Version 12.00
# Visual Studio Version 17
VisualStudioVersion = 17.0.31612.314
MinimumVisualStudioVersion = 10.0.40219.1
Project("{2150E333-8FDC-42A3-9474-1A3956D46DE8}") = "applications", "applications", "{7350992E-44A7-438C-9A8A-2251C99D05C3}"
EndProject
Project("{2150E333-8FDC-42A3-9474-1A3956D46DE8}") = "shared", "shared", "{681036A1-1744-4F86-BBC8-82EDC9C0216C}"
EndProject
Project("{9A19103F-16F7-4668-BE54-9A1E7A4F7556}") = "Micro.Shared", "shared\Micro.Shared\Micro.Shared.csproj", "{F5EA31E6-094B-4AE8-A11C-1964A6C9CD63}"
EndProject
Project("{2150E333-8FDC-42A3-9474-1A3956D46DE8}") = "Solution Items", "Solution Items", "{012BD885-3DAC-4C96-8547-F51D35EBF45F}"
	ProjectSection(SolutionItems) = preProject
		.gitignore = .gitignore
		common.props = common.props
		README.md = README.md
	EndProjectSection
EndProject
Project("{2150E333-8FDC-42A3-9474-1A3956D46DE8}") = "microservices", "microservices", "{09519B28-B76B-453D-B020-BC11B56DCF3D}"
EndProject
Project("{9A19103F-16F7-4668-BE54-9A1E7A4F7556}") = "IdentityService", "microservices\IdentityService\IdentityService.csproj", "{04A1CCBC-BDC6-4C31-9F6F-DD67EC984913}"
EndProject
Project("{9A19103F-16F7-4668-BE54-9A1E7A4F7556}") = "AuthServer", "applications\AuthServer\AuthServer.csproj", "{3DC24AB7-FCF1-4883-A22D-9DA7F48B90B9}"
EndProject
Project("{9A19103F-16F7-4668-BE54-9A1E7A4F7556}") = "TenantService", "microservices\TenantService\TenantService.csproj", "{921C6CA1-A39B-4975-9F3B-DDD4B751DA3A}"
EndProject
Project("{2150E333-8FDC-42A3-9474-1A3956D46DE8}") = "gateways", "gateways", "{A7B8A016-C3B3-4315-93C3-EE3EE0C27706}"
EndProject
Project("{2150E333-8FDC-42A3-9474-1A3956D46DE8}") = "modules", "modules", "{E28F540A-69D5-4157-826A-F6C57679DC33}"
EndProject
Project("{9A19103F-16F7-4668-BE54-9A1E7A4F7556}") = "BackendAdminAppGateway", "gateways\BackendAdminAppGateway\BackendAdminAppGateway.csproj", "{59E2F802-2E20-494E-A2F6-28E70F9B650E}"
EndProject
Project("{9A19103F-16F7-4668-BE54-9A1E7A4F7556}") = "InternalGateway", "gateways\InternalGateway\InternalGateway.csproj", "{A9A86A2E-7338-4B26-B9BF-0F0A645C94CD}"
EndProject
Project("{2150E333-8FDC-42A3-9474-1A3956D46DE8}") = "systemmanagement", "systemmanagement", "{763ADB75-421D-4164-B7EF-74B2F053569A}"
EndProject
Project("{2150E333-8FDC-42A3-9474-1A3956D46DE8}") = "src", "src", "{713F782F-A8FD-418E-B0A2-02C50742F361}"
EndProject
Project("{9A19103F-16F7-4668-BE54-9A1E7A4F7556}") = "SystemManagement.Application", "modules\SystemManagement\src\SystemManagement.Application\SystemManagement.Application.csproj", "{190EDE8A-C439-4D01-BA2E-033FA2890988}"
EndProject
Project("{9A19103F-16F7-4668-BE54-9A1E7A4F7556}") = "SystemManagement.Application.Contracts", "modules\SystemManagement\src\SystemManagement.Application.Contracts\SystemManagement.Application.Contracts.csproj", "{A94D915C-F859-4E86-B4C3-3660D21228FE}"
EndProject
Project("{9A19103F-16F7-4668-BE54-9A1E7A4F7556}") = "SystemManagement.Domain", "modules\SystemManagement\src\SystemManagement.Domain\SystemManagement.Domain.csproj", "{4474D116-2107-4767-9ED0-C3F7087871BC}"
EndProject
Project("{9A19103F-16F7-4668-BE54-9A1E7A4F7556}") = "SystemManagement.Domain.Shared", "modules\SystemManagement\src\SystemManagement.Domain.Shared\SystemManagement.Domain.Shared.csproj", "{8F71E759-30C6-4E94-B55D-EE5B1FD71499}"
EndProject
Project("{9A19103F-16F7-4668-BE54-9A1E7A4F7556}") = "SystemManagement.EntityFrameworkCore", "modules\SystemManagement\src\SystemManagement.EntityFrameworkCore\SystemManagement.EntityFrameworkCore.csproj", "{8E8149BC-FF6B-4EAC-BB9D-58C279E9DA7C}"
EndProject
Project("{9A19103F-16F7-4668-BE54-9A1E7A4F7556}") = "SystemManagement.HttpApi", "modules\SystemManagement\src\SystemManagement.HttpApi\SystemManagement.HttpApi.csproj", "{9456A0B3-51C2-4AAD-B918-2F0E6F3BEE71}"
EndProject
Project("{9A19103F-16F7-4668-BE54-9A1E7A4F7556}") = "SystemManagement.HttpApi.Client", "modules\SystemManagement\src\SystemManagement.HttpApi.Client\SystemManagement.HttpApi.Client.csproj", "{CA3E2208-6793-4D57-BE88-AD778CEAD934}"
EndProject
Project("{9A19103F-16F7-4668-BE54-9A1E7A4F7556}") = "SystemManagement.Blazor", "modules\SystemManagement\src\SystemManagement.Blazor\SystemManagement.Blazor.csproj", "{52EC2AAF-4172-4B39-9114-00C3511B2A41}"
EndProject
Project("{9A19103F-16F7-4668-BE54-9A1E7A4F7556}") = "SystemManagement.Blazor.Server", "modules\SystemManagement\src\SystemManagement.Blazor.Server\SystemManagement.Blazor.Server.csproj", "{AB52B427-87C8-4944-83A1-E2BA4259C1D0}"
EndProject
Project("{9A19103F-16F7-4668-BE54-9A1E7A4F7556}") = "SystemManagement.Blazor.WebAssembly", "modules\SystemManagement\src\SystemManagement.Blazor.WebAssembly\SystemManagement.Blazor.WebAssembly.csproj", "{42CDF84F-3B72-441E-A6DE-0B3BB5293E5B}"
EndProject
Project("{9A19103F-16F7-4668-BE54-9A1E7A4F7556}") = "Tchivs.Abp.Blazor", "shared\Tchivs.Abp.Blazor\Tchivs.Abp.Blazor.csproj", "{78C244E0-2586-4BA9-98F5-68B2042D35F3}"
EndProject
Project("{9A19103F-16F7-4668-BE54-9A1E7A4F7556}") = "Tchivs.Abp.Blazor.Server", "shared\Tchivs.Abp.Blazor.Server\Tchivs.Abp.Blazor.Server.csproj", "{A7FF3958-8B3E-4E2D-8157-9A833E90D7C8}"
EndProject
Project("{9A19103F-16F7-4668-BE54-9A1E7A4F7556}") = "Tchivs.Abp.Blazor.Shared", "shared\Tchivs.Abp.Blazor.Shared\Tchivs.Abp.Blazor.Shared.csproj", "{67DB2BA0-26C9-4E1E-A0AF-56B210A1B5DD}"
EndProject
Project("{9A19103F-16F7-4668-BE54-9A1E7A4F7556}") = "Tchivs.Abp.Blazor.Theme.Bootstrap", "shared\Tchivs.Abp.Blazor.Theme.Bootstrap\Tchivs.Abp.Blazor.Theme.Bootstrap.csproj", "{0D6C9048-C181-4AE2-8888-AFE53897031D}"
EndProject
Project("{9A19103F-16F7-4668-BE54-9A1E7A4F7556}") = "Tchivs.Abp.Blazor.Theme.Bootstrap.WebAssembly", "shared\Tchivs.Abp.Blazor.Theme.Bootstrap.WebAssembly\Tchivs.Abp.Blazor.Theme.Bootstrap.WebAssembly.csproj", "{1EC11C4D-3980-4431-A74A-30AFD2D2C1CE}"
EndProject
Project("{9A19103F-16F7-4668-BE54-9A1E7A4F7556}") = "Tchivs.Abp.Blazor.Theme.Bootstrap.Server", "shared\Tchivs.Abp.Blazor.Theme.Bootstrap.Server\Tchivs.Abp.Blazor.Theme.Bootstrap.Server.csproj", "{BE6D1EC0-248D-4984-8BC3-558C0D424826}"
EndProject
Project("{9A19103F-16F7-4668-BE54-9A1E7A4F7556}") = "Tchivs.Abp.Blazor.WebAssembly", "shared\Tchivs.Abp.Blazor.WebAssembly\Tchivs.Abp.Blazor.WebAssembly.csproj", "{BC9EA34A-9CBA-4BF0-852B-D01D9EF282CE}"
EndProject
Project("{2150E333-8FDC-42A3-9474-1A3956D46DE8}") = "themes", "themes", "{8E5408C1-C48E-4596-8835-F04A128394E8}"
EndProject
Project("{2150E333-8FDC-42A3-9474-1A3956D46DE8}") = "bootstrap", "bootstrap", "{00E6B2FF-BAFF-49B3-841B-FD17946D94DB}"
EndProject
Project("{2150E333-8FDC-42A3-9474-1A3956D46DE8}") = "admin", "admin", "{794807B7-EA9C-4B64-99E5-9C84135908BD}"
EndProject
Project("{9A19103F-16F7-4668-BE54-9A1E7A4F7556}") = "Admin.Blazor", "applications\Admin\Admin.Blazor\Admin.Blazor.csproj", "{29DE2CD2-4DBE-4EE6-A974-48926746921B}"
EndProject
Project("{9A19103F-16F7-4668-BE54-9A1E7A4F7556}") = "Admin.Blazor.Server.Host", "applications\Admin\Admin.Blazor.Server.Host\Admin.Blazor.Server.Host.csproj", "{74F5FE5F-9D31-42CF-A485-91F0B8A3DDA0}"
EndProject
Project("{9A19103F-16F7-4668-BE54-9A1E7A4F7556}") = "Admin.Blazor.Host", "applications\Admin\Admin.Blazor.Host\Admin.Blazor.Host.csproj", "{9A4B3D45-4991-40B0-A7CA-61AA43404413}"
EndProject
Project("{2150E333-8FDC-42A3-9474-1A3956D46DE8}") = "test", "test", "{D5D535F8-492F-464F-94B3-EEE2268B2EF5}"
EndProject
Project("{9A19103F-16F7-4668-BE54-9A1E7A4F7556}") = "SystemService", "microservices\SystemService\SystemService.csproj", "{136F6D75-42FC-432D-BCE0-D9C33E6CD16D}"
EndProject
Project("{FAE04EC0-301F-11D3-BF4B-00C04F79EFBC}") = "SystemManagement.Domain.Tests", "modules\SystemManagement\test\SystemManagement.Domain.Tests\SystemManagement.Domain.Tests.csproj", "{72ACA745-C6D9-46FD-ADDB-A0EC503F58CE}"
EndProject
Project("{FAE04EC0-301F-11D3-BF4B-00C04F79EFBC}") = "SystemManagement.EntityFrameworkCore.Tests", "modules\SystemManagement\test\SystemManagement.EntityFrameworkCore.Tests\SystemManagement.EntityFrameworkCore.Tests.csproj", "{90F81ACB-15EC-42DE-ABD9-E297FDBCE692}"
EndProject
Project("{FAE04EC0-301F-11D3-BF4B-00C04F79EFBC}") = "SystemManagement.Application.Tests", "modules\SystemManagement\test\SystemManagement.Application.Tests\SystemManagement.Application.Tests.csproj", "{5C4BCDF4-A30E-457F-877A-FBBEDB102B7C}"
EndProject
Project("{FAE04EC0-301F-11D3-BF4B-00C04F79EFBC}") = "SystemManagement.HttpApi.Client.ConsoleTestApp", "modules\SystemManagement\test\SystemManagement.HttpApi.Client.ConsoleTestApp\SystemManagement.HttpApi.Client.ConsoleTestApp.csproj", "{9F270548-BABB-49D3-B373-D1B6FCEFAA80}"
EndProject
Project("{FAE04EC0-301F-11D3-BF4B-00C04F79EFBC}") = "SystemManagement.TestBase", "modules\SystemManagement\test\SystemManagement.TestBase\SystemManagement.TestBase.csproj", "{16DD0B30-6321-4DF7-96AF-7798A7279CC6}"
EndProject
Project("{FAE04EC0-301F-11D3-BF4B-00C04F79EFBC}") = "BusinessGateway", "gateways\BusinessGateway\BusinessGateway.csproj", "{DAE1D094-F2D6-4939-AC5F-86A966EF84E3}"
EndProject
Project("{2150E333-8FDC-42A3-9474-1A3956D46DE8}") = "basic", "basic", "{9AB1E69D-EFF6-4A51-BAC6-7E0700858DAA}"
EndProject
Project("{2150E333-8FDC-42A3-9474-1A3956D46DE8}") = "src", "src", "{5D1421AC-27EB-4936-ACDD-7292FDC30701}"
EndProject
Project("{FAE04EC0-301F-11D3-BF4B-00C04F79EFBC}") = "Basic.Application", "modules\Basic\src\Basic.Application\Basic.Application.csproj", "{32E072F1-9D8D-4337-8C0E-266CBD3C48E7}"
EndProject
Project("{FAE04EC0-301F-11D3-BF4B-00C04F79EFBC}") = "Basic.Application.Contracts", "modules\Basic\src\Basic.Application.Contracts\Basic.Application.Contracts.csproj", "{A1536CA0-9CE4-4A12-8413-6032C356FC60}"
EndProject
Project("{FAE04EC0-301F-11D3-BF4B-00C04F79EFBC}") = "Basic.Blazor", "modules\Basic\src\Basic.Blazor\Basic.Blazor.csproj", "{858292EB-8C14-408C-95EC-3C4C1FACCBE3}"
EndProject
Project("{FAE04EC0-301F-11D3-BF4B-00C04F79EFBC}") = "Basic.Blazor.Server", "modules\Basic\src\Basic.Blazor.Server\Basic.Blazor.Server.csproj", "{74355B12-9138-45F2-A2A6-708F37E52AD2}"
EndProject
Project("{FAE04EC0-301F-11D3-BF4B-00C04F79EFBC}") = "Basic.Blazor.WebAssembly", "modules\Basic\src\Basic.Blazor.WebAssembly\Basic.Blazor.WebAssembly.csproj", "{BEB3D4EE-B35D-481D-B219-8FDFCDEA0EDA}"
EndProject
Project("{FAE04EC0-301F-11D3-BF4B-00C04F79EFBC}") = "Basic.Domain", "modules\Basic\src\Basic.Domain\Basic.Domain.csproj", "{245F617F-3DA9-4061-9A26-DE1CA127FE86}"
EndProject
Project("{FAE04EC0-301F-11D3-BF4B-00C04F79EFBC}") = "Basic.Domain.Shared", "modules\Basic\src\Basic.Domain.Shared\Basic.Domain.Shared.csproj", "{7992125C-D158-4AE4-B832-2FD0A6FD9D77}"
EndProject
Project("{FAE04EC0-301F-11D3-BF4B-00C04F79EFBC}") = "Basic.EntityFrameworkCore", "modules\Basic\src\Basic.EntityFrameworkCore\Basic.EntityFrameworkCore.csproj", "{BF392B4A-76D4-4AE3-A5D4-335CCEDC2370}"
EndProject
Project("{FAE04EC0-301F-11D3-BF4B-00C04F79EFBC}") = "Basic.HttpApi", "modules\Basic\src\Basic.HttpApi\Basic.HttpApi.csproj", "{ECE863AB-134E-4925-AAAE-44F529A39950}"
EndProject
Project("{FAE04EC0-301F-11D3-BF4B-00C04F79EFBC}") = "Basic.HttpApi.Client", "modules\Basic\src\Basic.HttpApi.Client\Basic.HttpApi.Client.csproj", "{90C0D9A5-F5A5-40F4-BF00-15E7B2B6D563}"
EndProject
Project("{FAE04EC0-301F-11D3-BF4B-00C04F79EFBC}") = "BasicService", "microservices\BasicService\BasicService.csproj", "{BF9D970C-F323-4E20-B81B-94D862E7CEB7}"
EndProject
Project("{2150E333-8FDC-42A3-9474-1A3956D46DE8}") = "test", "test", "{95DD0D98-72DE-4224-8946-540A859F3B10}"
EndProject
Project("{FAE04EC0-301F-11D3-BF4B-00C04F79EFBC}") = "Basic.Application.Tests", "modules\Basic\test\Basic.Application.Tests\Basic.Application.Tests.csproj", "{9D1E8C30-EAEE-4377-AD57-52667FB281AA}"
EndProject
Project("{FAE04EC0-301F-11D3-BF4B-00C04F79EFBC}") = "Basic.Domain.Tests", "modules\Basic\test\Basic.Domain.Tests\Basic.Domain.Tests.csproj", "{1032951D-6501-439C-82F6-FD734F2D265D}"
EndProject
Project("{FAE04EC0-301F-11D3-BF4B-00C04F79EFBC}") = "Basic.EntityFrameworkCore.Tests", "modules\Basic\test\Basic.EntityFrameworkCore.Tests\Basic.EntityFrameworkCore.Tests.csproj", "{7DB0FECD-89A3-4EDE-8731-01C202691E59}"
EndProject
Project("{FAE04EC0-301F-11D3-BF4B-00C04F79EFBC}") = "Basic.HttpApi.Client.ConsoleTestApp", "modules\Basic\test\Basic.HttpApi.Client.ConsoleTestApp\Basic.HttpApi.Client.ConsoleTestApp.csproj", "{E80E6BDB-4F42-4874-A02E-87231C51DD75}"
EndProject
Project("{FAE04EC0-301F-11D3-BF4B-00C04F79EFBC}") = "Basic.TestBase", "modules\Basic\test\Basic.TestBase\Basic.TestBase.csproj", "{D0FFF361-379B-4928-94CB-A34E378AB2E2}"
EndProject
Global
	GlobalSection(SolutionConfigurationPlatforms) = preSolution
		Debug|Any CPU = Debug|Any CPU
		Release|Any CPU = Release|Any CPU
	EndGlobalSection
	GlobalSection(ProjectConfigurationPlatforms) = postSolution
		{F5EA31E6-094B-4AE8-A11C-1964A6C9CD63}.Debug|Any CPU.ActiveCfg = Debug|Any CPU
		{F5EA31E6-094B-4AE8-A11C-1964A6C9CD63}.Debug|Any CPU.Build.0 = Debug|Any CPU
		{F5EA31E6-094B-4AE8-A11C-1964A6C9CD63}.Release|Any CPU.ActiveCfg = Release|Any CPU
		{F5EA31E6-094B-4AE8-A11C-1964A6C9CD63}.Release|Any CPU.Build.0 = Release|Any CPU
		{04A1CCBC-BDC6-4C31-9F6F-DD67EC984913}.Debug|Any CPU.ActiveCfg = Debug|Any CPU
		{04A1CCBC-BDC6-4C31-9F6F-DD67EC984913}.Debug|Any CPU.Build.0 = Debug|Any CPU
		{04A1CCBC-BDC6-4C31-9F6F-DD67EC984913}.Release|Any CPU.ActiveCfg = Release|Any CPU
		{04A1CCBC-BDC6-4C31-9F6F-DD67EC984913}.Release|Any CPU.Build.0 = Release|Any CPU
		{3DC24AB7-FCF1-4883-A22D-9DA7F48B90B9}.Debug|Any CPU.ActiveCfg = Debug|Any CPU
		{3DC24AB7-FCF1-4883-A22D-9DA7F48B90B9}.Debug|Any CPU.Build.0 = Debug|Any CPU
		{3DC24AB7-FCF1-4883-A22D-9DA7F48B90B9}.Release|Any CPU.ActiveCfg = Release|Any CPU
		{3DC24AB7-FCF1-4883-A22D-9DA7F48B90B9}.Release|Any CPU.Build.0 = Release|Any CPU
		{921C6CA1-A39B-4975-9F3B-DDD4B751DA3A}.Debug|Any CPU.ActiveCfg = Debug|Any CPU
		{921C6CA1-A39B-4975-9F3B-DDD4B751DA3A}.Debug|Any CPU.Build.0 = Debug|Any CPU
		{921C6CA1-A39B-4975-9F3B-DDD4B751DA3A}.Release|Any CPU.ActiveCfg = Release|Any CPU
		{921C6CA1-A39B-4975-9F3B-DDD4B751DA3A}.Release|Any CPU.Build.0 = Release|Any CPU
		{59E2F802-2E20-494E-A2F6-28E70F9B650E}.Debug|Any CPU.ActiveCfg = Debug|Any CPU
		{59E2F802-2E20-494E-A2F6-28E70F9B650E}.Debug|Any CPU.Build.0 = Debug|Any CPU
		{59E2F802-2E20-494E-A2F6-28E70F9B650E}.Release|Any CPU.ActiveCfg = Release|Any CPU
		{59E2F802-2E20-494E-A2F6-28E70F9B650E}.Release|Any CPU.Build.0 = Release|Any CPU
		{A9A86A2E-7338-4B26-B9BF-0F0A645C94CD}.Debug|Any CPU.ActiveCfg = Debug|Any CPU
		{A9A86A2E-7338-4B26-B9BF-0F0A645C94CD}.Debug|Any CPU.Build.0 = Debug|Any CPU
		{A9A86A2E-7338-4B26-B9BF-0F0A645C94CD}.Release|Any CPU.ActiveCfg = Release|Any CPU
		{A9A86A2E-7338-4B26-B9BF-0F0A645C94CD}.Release|Any CPU.Build.0 = Release|Any CPU
		{190EDE8A-C439-4D01-BA2E-033FA2890988}.Debug|Any CPU.ActiveCfg = Debug|Any CPU
		{190EDE8A-C439-4D01-BA2E-033FA2890988}.Debug|Any CPU.Build.0 = Debug|Any CPU
		{190EDE8A-C439-4D01-BA2E-033FA2890988}.Release|Any CPU.ActiveCfg = Release|Any CPU
		{190EDE8A-C439-4D01-BA2E-033FA2890988}.Release|Any CPU.Build.0 = Release|Any CPU
		{A94D915C-F859-4E86-B4C3-3660D21228FE}.Debug|Any CPU.ActiveCfg = Debug|Any CPU
		{A94D915C-F859-4E86-B4C3-3660D21228FE}.Debug|Any CPU.Build.0 = Debug|Any CPU
		{A94D915C-F859-4E86-B4C3-3660D21228FE}.Release|Any CPU.ActiveCfg = Release|Any CPU
		{A94D915C-F859-4E86-B4C3-3660D21228FE}.Release|Any CPU.Build.0 = Release|Any CPU
		{4474D116-2107-4767-9ED0-C3F7087871BC}.Debug|Any CPU.ActiveCfg = Debug|Any CPU
		{4474D116-2107-4767-9ED0-C3F7087871BC}.Debug|Any CPU.Build.0 = Debug|Any CPU
		{4474D116-2107-4767-9ED0-C3F7087871BC}.Release|Any CPU.ActiveCfg = Release|Any CPU
		{4474D116-2107-4767-9ED0-C3F7087871BC}.Release|Any CPU.Build.0 = Release|Any CPU
		{8F71E759-30C6-4E94-B55D-EE5B1FD71499}.Debug|Any CPU.ActiveCfg = Debug|Any CPU
		{8F71E759-30C6-4E94-B55D-EE5B1FD71499}.Debug|Any CPU.Build.0 = Debug|Any CPU
		{8F71E759-30C6-4E94-B55D-EE5B1FD71499}.Release|Any CPU.ActiveCfg = Release|Any CPU
		{8F71E759-30C6-4E94-B55D-EE5B1FD71499}.Release|Any CPU.Build.0 = Release|Any CPU
		{8E8149BC-FF6B-4EAC-BB9D-58C279E9DA7C}.Debug|Any CPU.ActiveCfg = Debug|Any CPU
		{8E8149BC-FF6B-4EAC-BB9D-58C279E9DA7C}.Debug|Any CPU.Build.0 = Debug|Any CPU
		{8E8149BC-FF6B-4EAC-BB9D-58C279E9DA7C}.Release|Any CPU.ActiveCfg = Release|Any CPU
		{8E8149BC-FF6B-4EAC-BB9D-58C279E9DA7C}.Release|Any CPU.Build.0 = Release|Any CPU
		{9456A0B3-51C2-4AAD-B918-2F0E6F3BEE71}.Debug|Any CPU.ActiveCfg = Debug|Any CPU
		{9456A0B3-51C2-4AAD-B918-2F0E6F3BEE71}.Debug|Any CPU.Build.0 = Debug|Any CPU
		{9456A0B3-51C2-4AAD-B918-2F0E6F3BEE71}.Release|Any CPU.ActiveCfg = Release|Any CPU
		{9456A0B3-51C2-4AAD-B918-2F0E6F3BEE71}.Release|Any CPU.Build.0 = Release|Any CPU
		{CA3E2208-6793-4D57-BE88-AD778CEAD934}.Debug|Any CPU.ActiveCfg = Debug|Any CPU
		{CA3E2208-6793-4D57-BE88-AD778CEAD934}.Debug|Any CPU.Build.0 = Debug|Any CPU
		{CA3E2208-6793-4D57-BE88-AD778CEAD934}.Release|Any CPU.ActiveCfg = Release|Any CPU
		{CA3E2208-6793-4D57-BE88-AD778CEAD934}.Release|Any CPU.Build.0 = Release|Any CPU
		{52EC2AAF-4172-4B39-9114-00C3511B2A41}.Debug|Any CPU.ActiveCfg = Debug|Any CPU
		{52EC2AAF-4172-4B39-9114-00C3511B2A41}.Debug|Any CPU.Build.0 = Debug|Any CPU
		{52EC2AAF-4172-4B39-9114-00C3511B2A41}.Release|Any CPU.ActiveCfg = Release|Any CPU
		{52EC2AAF-4172-4B39-9114-00C3511B2A41}.Release|Any CPU.Build.0 = Release|Any CPU
		{AB52B427-87C8-4944-83A1-E2BA4259C1D0}.Debug|Any CPU.ActiveCfg = Debug|Any CPU
		{AB52B427-87C8-4944-83A1-E2BA4259C1D0}.Debug|Any CPU.Build.0 = Debug|Any CPU
		{AB52B427-87C8-4944-83A1-E2BA4259C1D0}.Release|Any CPU.ActiveCfg = Release|Any CPU
		{AB52B427-87C8-4944-83A1-E2BA4259C1D0}.Release|Any CPU.Build.0 = Release|Any CPU
		{42CDF84F-3B72-441E-A6DE-0B3BB5293E5B}.Debug|Any CPU.ActiveCfg = Debug|Any CPU
		{42CDF84F-3B72-441E-A6DE-0B3BB5293E5B}.Debug|Any CPU.Build.0 = Debug|Any CPU
		{42CDF84F-3B72-441E-A6DE-0B3BB5293E5B}.Release|Any CPU.ActiveCfg = Release|Any CPU
		{42CDF84F-3B72-441E-A6DE-0B3BB5293E5B}.Release|Any CPU.Build.0 = Release|Any CPU
		{78C244E0-2586-4BA9-98F5-68B2042D35F3}.Debug|Any CPU.ActiveCfg = Debug|Any CPU
		{78C244E0-2586-4BA9-98F5-68B2042D35F3}.Debug|Any CPU.Build.0 = Debug|Any CPU
		{78C244E0-2586-4BA9-98F5-68B2042D35F3}.Release|Any CPU.ActiveCfg = Release|Any CPU
		{78C244E0-2586-4BA9-98F5-68B2042D35F3}.Release|Any CPU.Build.0 = Release|Any CPU
		{A7FF3958-8B3E-4E2D-8157-9A833E90D7C8}.Debug|Any CPU.ActiveCfg = Debug|Any CPU
		{A7FF3958-8B3E-4E2D-8157-9A833E90D7C8}.Debug|Any CPU.Build.0 = Debug|Any CPU
		{A7FF3958-8B3E-4E2D-8157-9A833E90D7C8}.Release|Any CPU.ActiveCfg = Release|Any CPU
		{A7FF3958-8B3E-4E2D-8157-9A833E90D7C8}.Release|Any CPU.Build.0 = Release|Any CPU
		{67DB2BA0-26C9-4E1E-A0AF-56B210A1B5DD}.Debug|Any CPU.ActiveCfg = Debug|Any CPU
		{67DB2BA0-26C9-4E1E-A0AF-56B210A1B5DD}.Debug|Any CPU.Build.0 = Debug|Any CPU
		{67DB2BA0-26C9-4E1E-A0AF-56B210A1B5DD}.Release|Any CPU.ActiveCfg = Release|Any CPU
		{67DB2BA0-26C9-4E1E-A0AF-56B210A1B5DD}.Release|Any CPU.Build.0 = Release|Any CPU
		{0D6C9048-C181-4AE2-8888-AFE53897031D}.Debug|Any CPU.ActiveCfg = Debug|Any CPU
		{0D6C9048-C181-4AE2-8888-AFE53897031D}.Debug|Any CPU.Build.0 = Debug|Any CPU
		{0D6C9048-C181-4AE2-8888-AFE53897031D}.Release|Any CPU.ActiveCfg = Release|Any CPU
		{0D6C9048-C181-4AE2-8888-AFE53897031D}.Release|Any CPU.Build.0 = Release|Any CPU
		{1EC11C4D-3980-4431-A74A-30AFD2D2C1CE}.Debug|Any CPU.ActiveCfg = Debug|Any CPU
		{1EC11C4D-3980-4431-A74A-30AFD2D2C1CE}.Debug|Any CPU.Build.0 = Debug|Any CPU
		{1EC11C4D-3980-4431-A74A-30AFD2D2C1CE}.Release|Any CPU.ActiveCfg = Release|Any CPU
		{1EC11C4D-3980-4431-A74A-30AFD2D2C1CE}.Release|Any CPU.Build.0 = Release|Any CPU
		{BE6D1EC0-248D-4984-8BC3-558C0D424826}.Debug|Any CPU.ActiveCfg = Debug|Any CPU
		{BE6D1EC0-248D-4984-8BC3-558C0D424826}.Debug|Any CPU.Build.0 = Debug|Any CPU
		{BE6D1EC0-248D-4984-8BC3-558C0D424826}.Release|Any CPU.ActiveCfg = Release|Any CPU
		{BE6D1EC0-248D-4984-8BC3-558C0D424826}.Release|Any CPU.Build.0 = Release|Any CPU
		{BC9EA34A-9CBA-4BF0-852B-D01D9EF282CE}.Debug|Any CPU.ActiveCfg = Debug|Any CPU
		{BC9EA34A-9CBA-4BF0-852B-D01D9EF282CE}.Debug|Any CPU.Build.0 = Debug|Any CPU
		{BC9EA34A-9CBA-4BF0-852B-D01D9EF282CE}.Release|Any CPU.ActiveCfg = Release|Any CPU
		{BC9EA34A-9CBA-4BF0-852B-D01D9EF282CE}.Release|Any CPU.Build.0 = Release|Any CPU
		{29DE2CD2-4DBE-4EE6-A974-48926746921B}.Debug|Any CPU.ActiveCfg = Debug|Any CPU
		{29DE2CD2-4DBE-4EE6-A974-48926746921B}.Debug|Any CPU.Build.0 = Debug|Any CPU
		{29DE2CD2-4DBE-4EE6-A974-48926746921B}.Release|Any CPU.ActiveCfg = Release|Any CPU
		{29DE2CD2-4DBE-4EE6-A974-48926746921B}.Release|Any CPU.Build.0 = Release|Any CPU
		{74F5FE5F-9D31-42CF-A485-91F0B8A3DDA0}.Debug|Any CPU.ActiveCfg = Debug|Any CPU
		{74F5FE5F-9D31-42CF-A485-91F0B8A3DDA0}.Debug|Any CPU.Build.0 = Debug|Any CPU
		{74F5FE5F-9D31-42CF-A485-91F0B8A3DDA0}.Release|Any CPU.ActiveCfg = Release|Any CPU
		{74F5FE5F-9D31-42CF-A485-91F0B8A3DDA0}.Release|Any CPU.Build.0 = Release|Any CPU
		{9A4B3D45-4991-40B0-A7CA-61AA43404413}.Debug|Any CPU.ActiveCfg = Debug|Any CPU
		{9A4B3D45-4991-40B0-A7CA-61AA43404413}.Debug|Any CPU.Build.0 = Debug|Any CPU
		{9A4B3D45-4991-40B0-A7CA-61AA43404413}.Release|Any CPU.ActiveCfg = Release|Any CPU
		{9A4B3D45-4991-40B0-A7CA-61AA43404413}.Release|Any CPU.Build.0 = Release|Any CPU
		{136F6D75-42FC-432D-BCE0-D9C33E6CD16D}.Debug|Any CPU.ActiveCfg = Debug|Any CPU
		{136F6D75-42FC-432D-BCE0-D9C33E6CD16D}.Debug|Any CPU.Build.0 = Debug|Any CPU
		{136F6D75-42FC-432D-BCE0-D9C33E6CD16D}.Release|Any CPU.ActiveCfg = Release|Any CPU
		{136F6D75-42FC-432D-BCE0-D9C33E6CD16D}.Release|Any CPU.Build.0 = Release|Any CPU
		{72ACA745-C6D9-46FD-ADDB-A0EC503F58CE}.Debug|Any CPU.ActiveCfg = Debug|Any CPU
		{72ACA745-C6D9-46FD-ADDB-A0EC503F58CE}.Debug|Any CPU.Build.0 = Debug|Any CPU
		{72ACA745-C6D9-46FD-ADDB-A0EC503F58CE}.Release|Any CPU.ActiveCfg = Release|Any CPU
		{72ACA745-C6D9-46FD-ADDB-A0EC503F58CE}.Release|Any CPU.Build.0 = Release|Any CPU
		{90F81ACB-15EC-42DE-ABD9-E297FDBCE692}.Debug|Any CPU.ActiveCfg = Debug|Any CPU
		{90F81ACB-15EC-42DE-ABD9-E297FDBCE692}.Debug|Any CPU.Build.0 = Debug|Any CPU
		{90F81ACB-15EC-42DE-ABD9-E297FDBCE692}.Release|Any CPU.ActiveCfg = Release|Any CPU
		{90F81ACB-15EC-42DE-ABD9-E297FDBCE692}.Release|Any CPU.Build.0 = Release|Any CPU
		{5C4BCDF4-A30E-457F-877A-FBBEDB102B7C}.Debug|Any CPU.ActiveCfg = Debug|Any CPU
		{5C4BCDF4-A30E-457F-877A-FBBEDB102B7C}.Debug|Any CPU.Build.0 = Debug|Any CPU
		{5C4BCDF4-A30E-457F-877A-FBBEDB102B7C}.Release|Any CPU.ActiveCfg = Release|Any CPU
		{5C4BCDF4-A30E-457F-877A-FBBEDB102B7C}.Release|Any CPU.Build.0 = Release|Any CPU
		{9F270548-BABB-49D3-B373-D1B6FCEFAA80}.Debug|Any CPU.ActiveCfg = Debug|Any CPU
		{9F270548-BABB-49D3-B373-D1B6FCEFAA80}.Debug|Any CPU.Build.0 = Debug|Any CPU
		{9F270548-BABB-49D3-B373-D1B6FCEFAA80}.Release|Any CPU.ActiveCfg = Release|Any CPU
		{9F270548-BABB-49D3-B373-D1B6FCEFAA80}.Release|Any CPU.Build.0 = Release|Any CPU
		{16DD0B30-6321-4DF7-96AF-7798A7279CC6}.Debug|Any CPU.ActiveCfg = Debug|Any CPU
		{16DD0B30-6321-4DF7-96AF-7798A7279CC6}.Debug|Any CPU.Build.0 = Debug|Any CPU
		{16DD0B30-6321-4DF7-96AF-7798A7279CC6}.Release|Any CPU.ActiveCfg = Release|Any CPU
		{16DD0B30-6321-4DF7-96AF-7798A7279CC6}.Release|Any CPU.Build.0 = Release|Any CPU
		{DAE1D094-F2D6-4939-AC5F-86A966EF84E3}.Debug|Any CPU.ActiveCfg = Debug|Any CPU
		{DAE1D094-F2D6-4939-AC5F-86A966EF84E3}.Debug|Any CPU.Build.0 = Debug|Any CPU
		{DAE1D094-F2D6-4939-AC5F-86A966EF84E3}.Release|Any CPU.ActiveCfg = Release|Any CPU
		{DAE1D094-F2D6-4939-AC5F-86A966EF84E3}.Release|Any CPU.Build.0 = Release|Any CPU
		{32E072F1-9D8D-4337-8C0E-266CBD3C48E7}.Debug|Any CPU.ActiveCfg = Debug|Any CPU
		{32E072F1-9D8D-4337-8C0E-266CBD3C48E7}.Debug|Any CPU.Build.0 = Debug|Any CPU
		{32E072F1-9D8D-4337-8C0E-266CBD3C48E7}.Release|Any CPU.ActiveCfg = Release|Any CPU
		{32E072F1-9D8D-4337-8C0E-266CBD3C48E7}.Release|Any CPU.Build.0 = Release|Any CPU
		{A1536CA0-9CE4-4A12-8413-6032C356FC60}.Debug|Any CPU.ActiveCfg = Debug|Any CPU
		{A1536CA0-9CE4-4A12-8413-6032C356FC60}.Debug|Any CPU.Build.0 = Debug|Any CPU
		{A1536CA0-9CE4-4A12-8413-6032C356FC60}.Release|Any CPU.ActiveCfg = Release|Any CPU
		{A1536CA0-9CE4-4A12-8413-6032C356FC60}.Release|Any CPU.Build.0 = Release|Any CPU
		{858292EB-8C14-408C-95EC-3C4C1FACCBE3}.Debug|Any CPU.ActiveCfg = Debug|Any CPU
		{858292EB-8C14-408C-95EC-3C4C1FACCBE3}.Debug|Any CPU.Build.0 = Debug|Any CPU
		{858292EB-8C14-408C-95EC-3C4C1FACCBE3}.Release|Any CPU.ActiveCfg = Release|Any CPU
		{858292EB-8C14-408C-95EC-3C4C1FACCBE3}.Release|Any CPU.Build.0 = Release|Any CPU
		{74355B12-9138-45F2-A2A6-708F37E52AD2}.Debug|Any CPU.ActiveCfg = Debug|Any CPU
		{74355B12-9138-45F2-A2A6-708F37E52AD2}.Debug|Any CPU.Build.0 = Debug|Any CPU
		{74355B12-9138-45F2-A2A6-708F37E52AD2}.Release|Any CPU.ActiveCfg = Release|Any CPU
		{74355B12-9138-45F2-A2A6-708F37E52AD2}.Release|Any CPU.Build.0 = Release|Any CPU
		{BEB3D4EE-B35D-481D-B219-8FDFCDEA0EDA}.Debug|Any CPU.ActiveCfg = Debug|Any CPU
		{BEB3D4EE-B35D-481D-B219-8FDFCDEA0EDA}.Debug|Any CPU.Build.0 = Debug|Any CPU
		{BEB3D4EE-B35D-481D-B219-8FDFCDEA0EDA}.Release|Any CPU.ActiveCfg = Release|Any CPU
		{BEB3D4EE-B35D-481D-B219-8FDFCDEA0EDA}.Release|Any CPU.Build.0 = Release|Any CPU
		{245F617F-3DA9-4061-9A26-DE1CA127FE86}.Debug|Any CPU.ActiveCfg = Debug|Any CPU
		{245F617F-3DA9-4061-9A26-DE1CA127FE86}.Debug|Any CPU.Build.0 = Debug|Any CPU
		{245F617F-3DA9-4061-9A26-DE1CA127FE86}.Release|Any CPU.ActiveCfg = Release|Any CPU
		{245F617F-3DA9-4061-9A26-DE1CA127FE86}.Release|Any CPU.Build.0 = Release|Any CPU
		{7992125C-D158-4AE4-B832-2FD0A6FD9D77}.Debug|Any CPU.ActiveCfg = Debug|Any CPU
		{7992125C-D158-4AE4-B832-2FD0A6FD9D77}.Debug|Any CPU.Build.0 = Debug|Any CPU
		{7992125C-D158-4AE4-B832-2FD0A6FD9D77}.Release|Any CPU.ActiveCfg = Release|Any CPU
		{7992125C-D158-4AE4-B832-2FD0A6FD9D77}.Release|Any CPU.Build.0 = Release|Any CPU
		{BF392B4A-76D4-4AE3-A5D4-335CCEDC2370}.Debug|Any CPU.ActiveCfg = Debug|Any CPU
		{BF392B4A-76D4-4AE3-A5D4-335CCEDC2370}.Debug|Any CPU.Build.0 = Debug|Any CPU
		{BF392B4A-76D4-4AE3-A5D4-335CCEDC2370}.Release|Any CPU.ActiveCfg = Release|Any CPU
		{BF392B4A-76D4-4AE3-A5D4-335CCEDC2370}.Release|Any CPU.Build.0 = Release|Any CPU
		{ECE863AB-134E-4925-AAAE-44F529A39950}.Debug|Any CPU.ActiveCfg = Debug|Any CPU
		{ECE863AB-134E-4925-AAAE-44F529A39950}.Debug|Any CPU.Build.0 = Debug|Any CPU
		{ECE863AB-134E-4925-AAAE-44F529A39950}.Release|Any CPU.ActiveCfg = Release|Any CPU
		{ECE863AB-134E-4925-AAAE-44F529A39950}.Release|Any CPU.Build.0 = Release|Any CPU
		{90C0D9A5-F5A5-40F4-BF00-15E7B2B6D563}.Debug|Any CPU.ActiveCfg = Debug|Any CPU
		{90C0D9A5-F5A5-40F4-BF00-15E7B2B6D563}.Debug|Any CPU.Build.0 = Debug|Any CPU
		{90C0D9A5-F5A5-40F4-BF00-15E7B2B6D563}.Release|Any CPU.ActiveCfg = Release|Any CPU
		{90C0D9A5-F5A5-40F4-BF00-15E7B2B6D563}.Release|Any CPU.Build.0 = Release|Any CPU
		{BF9D970C-F323-4E20-B81B-94D862E7CEB7}.Debug|Any CPU.ActiveCfg = Debug|Any CPU
		{BF9D970C-F323-4E20-B81B-94D862E7CEB7}.Debug|Any CPU.Build.0 = Debug|Any CPU
		{BF9D970C-F323-4E20-B81B-94D862E7CEB7}.Release|Any CPU.ActiveCfg = Release|Any CPU
		{BF9D970C-F323-4E20-B81B-94D862E7CEB7}.Release|Any CPU.Build.0 = Release|Any CPU
		{9D1E8C30-EAEE-4377-AD57-52667FB281AA}.Debug|Any CPU.ActiveCfg = Debug|Any CPU
		{9D1E8C30-EAEE-4377-AD57-52667FB281AA}.Debug|Any CPU.Build.0 = Debug|Any CPU
		{9D1E8C30-EAEE-4377-AD57-52667FB281AA}.Release|Any CPU.ActiveCfg = Release|Any CPU
		{9D1E8C30-EAEE-4377-AD57-52667FB281AA}.Release|Any CPU.Build.0 = Release|Any CPU
		{1032951D-6501-439C-82F6-FD734F2D265D}.Debug|Any CPU.ActiveCfg = Debug|Any CPU
		{1032951D-6501-439C-82F6-FD734F2D265D}.Debug|Any CPU.Build.0 = Debug|Any CPU
		{1032951D-6501-439C-82F6-FD734F2D265D}.Release|Any CPU.ActiveCfg = Release|Any CPU
		{1032951D-6501-439C-82F6-FD734F2D265D}.Release|Any CPU.Build.0 = Release|Any CPU
		{7DB0FECD-89A3-4EDE-8731-01C202691E59}.Debug|Any CPU.ActiveCfg = Debug|Any CPU
		{7DB0FECD-89A3-4EDE-8731-01C202691E59}.Debug|Any CPU.Build.0 = Debug|Any CPU
		{7DB0FECD-89A3-4EDE-8731-01C202691E59}.Release|Any CPU.ActiveCfg = Release|Any CPU
		{7DB0FECD-89A3-4EDE-8731-01C202691E59}.Release|Any CPU.Build.0 = Release|Any CPU
		{E80E6BDB-4F42-4874-A02E-87231C51DD75}.Debug|Any CPU.ActiveCfg = Debug|Any CPU
		{E80E6BDB-4F42-4874-A02E-87231C51DD75}.Debug|Any CPU.Build.0 = Debug|Any CPU
		{E80E6BDB-4F42-4874-A02E-87231C51DD75}.Release|Any CPU.ActiveCfg = Release|Any CPU
		{E80E6BDB-4F42-4874-A02E-87231C51DD75}.Release|Any CPU.Build.0 = Release|Any CPU
		{D0FFF361-379B-4928-94CB-A34E378AB2E2}.Debug|Any CPU.ActiveCfg = Debug|Any CPU
		{D0FFF361-379B-4928-94CB-A34E378AB2E2}.Debug|Any CPU.Build.0 = Debug|Any CPU
		{D0FFF361-379B-4928-94CB-A34E378AB2E2}.Release|Any CPU.ActiveCfg = Release|Any CPU
		{D0FFF361-379B-4928-94CB-A34E378AB2E2}.Release|Any CPU.Build.0 = Release|Any CPU
	EndGlobalSection
	GlobalSection(SolutionProperties) = preSolution
		HideSolutionNode = FALSE
	EndGlobalSection
	GlobalSection(NestedProjects) = preSolution
		{F5EA31E6-094B-4AE8-A11C-1964A6C9CD63} = {681036A1-1744-4F86-BBC8-82EDC9C0216C}
		{04A1CCBC-BDC6-4C31-9F6F-DD67EC984913} = {09519B28-B76B-453D-B020-BC11B56DCF3D}
		{3DC24AB7-FCF1-4883-A22D-9DA7F48B90B9} = {7350992E-44A7-438C-9A8A-2251C99D05C3}
		{921C6CA1-A39B-4975-9F3B-DDD4B751DA3A} = {09519B28-B76B-453D-B020-BC11B56DCF3D}
		{59E2F802-2E20-494E-A2F6-28E70F9B650E} = {A7B8A016-C3B3-4315-93C3-EE3EE0C27706}
		{A9A86A2E-7338-4B26-B9BF-0F0A645C94CD} = {A7B8A016-C3B3-4315-93C3-EE3EE0C27706}
		{763ADB75-421D-4164-B7EF-74B2F053569A} = {E28F540A-69D5-4157-826A-F6C57679DC33}
		{713F782F-A8FD-418E-B0A2-02C50742F361} = {763ADB75-421D-4164-B7EF-74B2F053569A}
		{190EDE8A-C439-4D01-BA2E-033FA2890988} = {713F782F-A8FD-418E-B0A2-02C50742F361}
		{A94D915C-F859-4E86-B4C3-3660D21228FE} = {713F782F-A8FD-418E-B0A2-02C50742F361}
		{4474D116-2107-4767-9ED0-C3F7087871BC} = {713F782F-A8FD-418E-B0A2-02C50742F361}
		{8F71E759-30C6-4E94-B55D-EE5B1FD71499} = {713F782F-A8FD-418E-B0A2-02C50742F361}
		{8E8149BC-FF6B-4EAC-BB9D-58C279E9DA7C} = {713F782F-A8FD-418E-B0A2-02C50742F361}
		{9456A0B3-51C2-4AAD-B918-2F0E6F3BEE71} = {713F782F-A8FD-418E-B0A2-02C50742F361}
		{CA3E2208-6793-4D57-BE88-AD778CEAD934} = {713F782F-A8FD-418E-B0A2-02C50742F361}
		{52EC2AAF-4172-4B39-9114-00C3511B2A41} = {713F782F-A8FD-418E-B0A2-02C50742F361}
		{AB52B427-87C8-4944-83A1-E2BA4259C1D0} = {713F782F-A8FD-418E-B0A2-02C50742F361}
		{42CDF84F-3B72-441E-A6DE-0B3BB5293E5B} = {713F782F-A8FD-418E-B0A2-02C50742F361}
		{78C244E0-2586-4BA9-98F5-68B2042D35F3} = {8E5408C1-C48E-4596-8835-F04A128394E8}
		{A7FF3958-8B3E-4E2D-8157-9A833E90D7C8} = {8E5408C1-C48E-4596-8835-F04A128394E8}
		{67DB2BA0-26C9-4E1E-A0AF-56B210A1B5DD} = {8E5408C1-C48E-4596-8835-F04A128394E8}
		{0D6C9048-C181-4AE2-8888-AFE53897031D} = {00E6B2FF-BAFF-49B3-841B-FD17946D94DB}
		{1EC11C4D-3980-4431-A74A-30AFD2D2C1CE} = {00E6B2FF-BAFF-49B3-841B-FD17946D94DB}
		{BE6D1EC0-248D-4984-8BC3-558C0D424826} = {00E6B2FF-BAFF-49B3-841B-FD17946D94DB}
		{BC9EA34A-9CBA-4BF0-852B-D01D9EF282CE} = {8E5408C1-C48E-4596-8835-F04A128394E8}
		{8E5408C1-C48E-4596-8835-F04A128394E8} = {681036A1-1744-4F86-BBC8-82EDC9C0216C}
		{00E6B2FF-BAFF-49B3-841B-FD17946D94DB} = {8E5408C1-C48E-4596-8835-F04A128394E8}
		{794807B7-EA9C-4B64-99E5-9C84135908BD} = {7350992E-44A7-438C-9A8A-2251C99D05C3}
		{29DE2CD2-4DBE-4EE6-A974-48926746921B} = {794807B7-EA9C-4B64-99E5-9C84135908BD}
		{74F5FE5F-9D31-42CF-A485-91F0B8A3DDA0} = {794807B7-EA9C-4B64-99E5-9C84135908BD}
		{9A4B3D45-4991-40B0-A7CA-61AA43404413} = {794807B7-EA9C-4B64-99E5-9C84135908BD}
		{D5D535F8-492F-464F-94B3-EEE2268B2EF5} = {763ADB75-421D-4164-B7EF-74B2F053569A}
		{136F6D75-42FC-432D-BCE0-D9C33E6CD16D} = {09519B28-B76B-453D-B020-BC11B56DCF3D}
		{72ACA745-C6D9-46FD-ADDB-A0EC503F58CE} = {D5D535F8-492F-464F-94B3-EEE2268B2EF5}
		{90F81ACB-15EC-42DE-ABD9-E297FDBCE692} = {D5D535F8-492F-464F-94B3-EEE2268B2EF5}
		{5C4BCDF4-A30E-457F-877A-FBBEDB102B7C} = {D5D535F8-492F-464F-94B3-EEE2268B2EF5}
		{9F270548-BABB-49D3-B373-D1B6FCEFAA80} = {D5D535F8-492F-464F-94B3-EEE2268B2EF5}
		{16DD0B30-6321-4DF7-96AF-7798A7279CC6} = {D5D535F8-492F-464F-94B3-EEE2268B2EF5}
		{DAE1D094-F2D6-4939-AC5F-86A966EF84E3} = {A7B8A016-C3B3-4315-93C3-EE3EE0C27706}
		{9AB1E69D-EFF6-4A51-BAC6-7E0700858DAA} = {E28F540A-69D5-4157-826A-F6C57679DC33}
		{5D1421AC-27EB-4936-ACDD-7292FDC30701} = {9AB1E69D-EFF6-4A51-BAC6-7E0700858DAA}
		{32E072F1-9D8D-4337-8C0E-266CBD3C48E7} = {5D1421AC-27EB-4936-ACDD-7292FDC30701}
		{A1536CA0-9CE4-4A12-8413-6032C356FC60} = {5D1421AC-27EB-4936-ACDD-7292FDC30701}
		{858292EB-8C14-408C-95EC-3C4C1FACCBE3} = {5D1421AC-27EB-4936-ACDD-7292FDC30701}
		{74355B12-9138-45F2-A2A6-708F37E52AD2} = {5D1421AC-27EB-4936-ACDD-7292FDC30701}
		{BEB3D4EE-B35D-481D-B219-8FDFCDEA0EDA} = {5D1421AC-27EB-4936-ACDD-7292FDC30701}
		{245F617F-3DA9-4061-9A26-DE1CA127FE86} = {5D1421AC-27EB-4936-ACDD-7292FDC30701}
		{7992125C-D158-4AE4-B832-2FD0A6FD9D77} = {5D1421AC-27EB-4936-ACDD-7292FDC30701}
		{BF392B4A-76D4-4AE3-A5D4-335CCEDC2370} = {5D1421AC-27EB-4936-ACDD-7292FDC30701}
		{ECE863AB-134E-4925-AAAE-44F529A39950} = {5D1421AC-27EB-4936-ACDD-7292FDC30701}
		{90C0D9A5-F5A5-40F4-BF00-15E7B2B6D563} = {5D1421AC-27EB-4936-ACDD-7292FDC30701}
		{BF9D970C-F323-4E20-B81B-94D862E7CEB7} = {09519B28-B76B-453D-B020-BC11B56DCF3D}
		{95DD0D98-72DE-4224-8946-540A859F3B10} = {9AB1E69D-EFF6-4A51-BAC6-7E0700858DAA}
		{9D1E8C30-EAEE-4377-AD57-52667FB281AA} = {95DD0D98-72DE-4224-8946-540A859F3B10}
		{1032951D-6501-439C-82F6-FD734F2D265D} = {95DD0D98-72DE-4224-8946-540A859F3B10}
		{7DB0FECD-89A3-4EDE-8731-01C202691E59} = {95DD0D98-72DE-4224-8946-540A859F3B10}
		{E80E6BDB-4F42-4874-A02E-87231C51DD75} = {95DD0D98-72DE-4224-8946-540A859F3B10}
		{D0FFF361-379B-4928-94CB-A34E378AB2E2} = {95DD0D98-72DE-4224-8946-540A859F3B10}
	EndGlobalSection
	GlobalSection(ExtensibilityGlobals) = postSolution
		SolutionGuid = {92A79A16-FA94-4FBA-88C4-C937C22B1BBE}
	EndGlobalSection
EndGlobal
