
Microsoft Visual Studio Solution File, Format Version 12.00
# Visual Studio Version 16
VisualStudioVersion = 16.0.31624.102
MinimumVisualStudioVersion = 10.0.40219.1
Project("{2150E333-8FDC-42A3-9474-1A3956D46DE8}") = "applications", "applications", "{7350992E-44A7-438C-9A8A-2251C99D05C3}"
EndProject
Project("{2150E333-8FDC-42A3-9474-1A3956D46DE8}") = "shared", "shared", "{681036A1-1744-4F86-BBC8-82EDC9C0216C}"
EndProject
Project("{9A19103F-16F7-4668-BE54-9A1E7A4F7556}") = "Micro.Shared", "shared\Micro.Shared\Micro.Shared.csproj", "{F5EA31E6-094B-4AE8-A11C-1964A6C9CD63}"
EndProject
Project("{2150E333-8FDC-42A3-9474-1A3956D46DE8}") = "Solution Items", "Solution Items", "{012BD885-3DAC-4C96-8547-F51D35EBF45F}"
	ProjectSection(SolutionItems) = preProject
		common.props = common.props
		README.md = README.md
	EndProjectSection
EndProject
Project("{2150E333-8FDC-42A3-9474-1A3956D46DE8}") = "microservices", "microservices", "{09519B28-B76B-453D-B020-BC11B56DCF3D}"
EndProject
Project("{FAE04EC0-301F-11D3-BF4B-00C04F79EFBC}") = "IdentityService", "microservices\IdentityService\IdentityService.csproj", "{04A1CCBC-BDC6-4C31-9F6F-DD67EC984913}"
EndProject
Project("{9A19103F-16F7-4668-BE54-9A1E7A4F7556}") = "AuthServer", "applications\AuthServer\AuthServer.csproj", "{3DC24AB7-FCF1-4883-A22D-9DA7F48B90B9}"
EndProject
Project("{FAE04EC0-301F-11D3-BF4B-00C04F79EFBC}") = "TenantService", "microservices\TenantService\TenantService.csproj", "{921C6CA1-A39B-4975-9F3B-DDD4B751DA3A}"
EndProject
Project("{2150E333-8FDC-42A3-9474-1A3956D46DE8}") = "gateways", "gateways", "{A7B8A016-C3B3-4315-93C3-EE3EE0C27706}"
EndProject
Project("{2150E333-8FDC-42A3-9474-1A3956D46DE8}") = "modules", "modules", "{E28F540A-69D5-4157-826A-F6C57679DC33}"
EndProject
Project("{2150E333-8FDC-42A3-9474-1A3956D46DE8}") = "basic", "basic", "{34EA0926-BD96-4D00-BA96-061E0772586A}"
EndProject
Project("{9A19103F-16F7-4668-BE54-9A1E7A4F7556}") = "Basic.Application", "modules\Basic\src\Basic.Application\Basic.Application.csproj", "{DB6DDE26-BF80-44A3-A66B-985A6CD7173B}"
EndProject
Project("{9A19103F-16F7-4668-BE54-9A1E7A4F7556}") = "Basic.Application.Contracts", "modules\Basic\src\Basic.Application.Contracts\Basic.Application.Contracts.csproj", "{C318FE44-48AE-45CD-8010-566ECD4CB5DA}"
EndProject
Project("{9A19103F-16F7-4668-BE54-9A1E7A4F7556}") = "Basic.Domain", "modules\Basic\src\Basic.Domain\Basic.Domain.csproj", "{94CEE910-AEBA-40E0-AE58-AC0182B2FC5F}"
EndProject
Project("{9A19103F-16F7-4668-BE54-9A1E7A4F7556}") = "Basic.Domain.Shared", "modules\Basic\src\Basic.Domain.Shared\Basic.Domain.Shared.csproj", "{7D83F9E7-9CFB-4E09-A513-D5A2D0DEF2A9}"
EndProject
Project("{9A19103F-16F7-4668-BE54-9A1E7A4F7556}") = "Basic.EntityFrameworkCore", "modules\Basic\src\Basic.EntityFrameworkCore\Basic.EntityFrameworkCore.csproj", "{A4BDAF1E-B263-491C-B717-EEF8752240E7}"
EndProject
Project("{9A19103F-16F7-4668-BE54-9A1E7A4F7556}") = "Basic.HttpApi", "modules\Basic\src\Basic.HttpApi\Basic.HttpApi.csproj", "{04555EDD-A17C-4A6E-8D29-A64751ABE9D2}"
EndProject
Project("{9A19103F-16F7-4668-BE54-9A1E7A4F7556}") = "Basic.HttpApi.Client", "modules\Basic\src\Basic.HttpApi.Client\Basic.HttpApi.Client.csproj", "{8D407F40-15D8-46BF-BD3B-A64DD6E2BFF3}"
EndProject
Project("{2150E333-8FDC-42A3-9474-1A3956D46DE8}") = "src", "src", "{9936ECC0-D230-4196-BD71-A4EBB5B45B80}"
EndProject
Project("{2150E333-8FDC-42A3-9474-1A3956D46DE8}") = "test", "test", "{8E6D7946-CA63-48BF-87CD-A69A9FB491E5}"
EndProject
Project("{9A19103F-16F7-4668-BE54-9A1E7A4F7556}") = "Basic.Application.Tests", "modules\Basic\test\Basic.Application.Tests\Basic.Application.Tests.csproj", "{7D1957F1-158B-4D27-A146-CAB93E41756A}"
EndProject
Project("{9A19103F-16F7-4668-BE54-9A1E7A4F7556}") = "Basic.Domain.Tests", "modules\Basic\test\Basic.Domain.Tests\Basic.Domain.Tests.csproj", "{465C36CA-CF19-415C-91D1-83D2EA60DE51}"
EndProject
Project("{9A19103F-16F7-4668-BE54-9A1E7A4F7556}") = "Basic.EntityFrameworkCore.Tests", "modules\Basic\test\Basic.EntityFrameworkCore.Tests\Basic.EntityFrameworkCore.Tests.csproj", "{ED45045A-BF5E-42E5-BFAE-6A6BA7285D1C}"
EndProject
Project("{9A19103F-16F7-4668-BE54-9A1E7A4F7556}") = "Basic.HttpApi.Client.ConsoleTestApp", "modules\Basic\test\Basic.HttpApi.Client.ConsoleTestApp\Basic.HttpApi.Client.ConsoleTestApp.csproj", "{704C6DFF-AA3B-4260-A306-C7D8A590EA70}"
EndProject
Project("{9A19103F-16F7-4668-BE54-9A1E7A4F7556}") = "Basic.TestBase", "modules\Basic\test\Basic.TestBase\Basic.TestBase.csproj", "{7555D79F-A146-4178-948B-82D5CBBA9D7F}"
EndProject
Project("{FAE04EC0-301F-11D3-BF4B-00C04F79EFBC}") = "BasicService", "microservices\BasicService\BasicService.csproj", "{6E9F7A24-0AF4-4F61-BA98-EF57B0054618}"
EndProject
Project("{FAE04EC0-301F-11D3-BF4B-00C04F79EFBC}") = "BackendAdminAppGateway", "gateways\BackendAdminAppGateway\BackendAdminAppGateway.csproj", "{59E2F802-2E20-494E-A2F6-28E70F9B650E}"
EndProject
Project("{FAE04EC0-301F-11D3-BF4B-00C04F79EFBC}") = "InternalGateway", "gateways\InternalGateway\InternalGateway.csproj", "{A9A86A2E-7338-4B26-B9BF-0F0A645C94CD}"
EndProject
Global
	GlobalSection(SolutionConfigurationPlatforms) = preSolution
		Debug|Any CPU = Debug|Any CPU
		Release|Any CPU = Release|Any CPU
	EndGlobalSection
	GlobalSection(ProjectConfigurationPlatforms) = postSolution
		{F5EA31E6-094B-4AE8-A11C-1964A6C9CD63}.Debug|Any CPU.ActiveCfg = Debug|Any CPU
		{F5EA31E6-094B-4AE8-A11C-1964A6C9CD63}.Debug|Any CPU.Build.0 = Debug|Any CPU
		{F5EA31E6-094B-4AE8-A11C-1964A6C9CD63}.Release|Any CPU.ActiveCfg = Release|Any CPU
		{F5EA31E6-094B-4AE8-A11C-1964A6C9CD63}.Release|Any CPU.Build.0 = Release|Any CPU
		{04A1CCBC-BDC6-4C31-9F6F-DD67EC984913}.Debug|Any CPU.ActiveCfg = Debug|Any CPU
		{04A1CCBC-BDC6-4C31-9F6F-DD67EC984913}.Debug|Any CPU.Build.0 = Debug|Any CPU
		{04A1CCBC-BDC6-4C31-9F6F-DD67EC984913}.Release|Any CPU.ActiveCfg = Release|Any CPU
		{04A1CCBC-BDC6-4C31-9F6F-DD67EC984913}.Release|Any CPU.Build.0 = Release|Any CPU
		{3DC24AB7-FCF1-4883-A22D-9DA7F48B90B9}.Debug|Any CPU.ActiveCfg = Debug|Any CPU
		{3DC24AB7-FCF1-4883-A22D-9DA7F48B90B9}.Debug|Any CPU.Build.0 = Debug|Any CPU
		{3DC24AB7-FCF1-4883-A22D-9DA7F48B90B9}.Release|Any CPU.ActiveCfg = Release|Any CPU
		{3DC24AB7-FCF1-4883-A22D-9DA7F48B90B9}.Release|Any CPU.Build.0 = Release|Any CPU
		{921C6CA1-A39B-4975-9F3B-DDD4B751DA3A}.Debug|Any CPU.ActiveCfg = Debug|Any CPU
		{921C6CA1-A39B-4975-9F3B-DDD4B751DA3A}.Debug|Any CPU.Build.0 = Debug|Any CPU
		{921C6CA1-A39B-4975-9F3B-DDD4B751DA3A}.Release|Any CPU.ActiveCfg = Release|Any CPU
		{921C6CA1-A39B-4975-9F3B-DDD4B751DA3A}.Release|Any CPU.Build.0 = Release|Any CPU
		{DB6DDE26-BF80-44A3-A66B-985A6CD7173B}.Debug|Any CPU.ActiveCfg = Debug|Any CPU
		{DB6DDE26-BF80-44A3-A66B-985A6CD7173B}.Debug|Any CPU.Build.0 = Debug|Any CPU
		{DB6DDE26-BF80-44A3-A66B-985A6CD7173B}.Release|Any CPU.ActiveCfg = Release|Any CPU
		{DB6DDE26-BF80-44A3-A66B-985A6CD7173B}.Release|Any CPU.Build.0 = Release|Any CPU
		{C318FE44-48AE-45CD-8010-566ECD4CB5DA}.Debug|Any CPU.ActiveCfg = Debug|Any CPU
		{C318FE44-48AE-45CD-8010-566ECD4CB5DA}.Debug|Any CPU.Build.0 = Debug|Any CPU
		{C318FE44-48AE-45CD-8010-566ECD4CB5DA}.Release|Any CPU.ActiveCfg = Release|Any CPU
		{C318FE44-48AE-45CD-8010-566ECD4CB5DA}.Release|Any CPU.Build.0 = Release|Any CPU
		{94CEE910-AEBA-40E0-AE58-AC0182B2FC5F}.Debug|Any CPU.ActiveCfg = Debug|Any CPU
		{94CEE910-AEBA-40E0-AE58-AC0182B2FC5F}.Debug|Any CPU.Build.0 = Debug|Any CPU
		{94CEE910-AEBA-40E0-AE58-AC0182B2FC5F}.Release|Any CPU.ActiveCfg = Release|Any CPU
		{94CEE910-AEBA-40E0-AE58-AC0182B2FC5F}.Release|Any CPU.Build.0 = Release|Any CPU
		{7D83F9E7-9CFB-4E09-A513-D5A2D0DEF2A9}.Debug|Any CPU.ActiveCfg = Debug|Any CPU
		{7D83F9E7-9CFB-4E09-A513-D5A2D0DEF2A9}.Debug|Any CPU.Build.0 = Debug|Any CPU
		{7D83F9E7-9CFB-4E09-A513-D5A2D0DEF2A9}.Release|Any CPU.ActiveCfg = Release|Any CPU
		{7D83F9E7-9CFB-4E09-A513-D5A2D0DEF2A9}.Release|Any CPU.Build.0 = Release|Any CPU
		{A4BDAF1E-B263-491C-B717-EEF8752240E7}.Debug|Any CPU.ActiveCfg = Debug|Any CPU
		{A4BDAF1E-B263-491C-B717-EEF8752240E7}.Debug|Any CPU.Build.0 = Debug|Any CPU
		{A4BDAF1E-B263-491C-B717-EEF8752240E7}.Release|Any CPU.ActiveCfg = Release|Any CPU
		{A4BDAF1E-B263-491C-B717-EEF8752240E7}.Release|Any CPU.Build.0 = Release|Any CPU
		{04555EDD-A17C-4A6E-8D29-A64751ABE9D2}.Debug|Any CPU.ActiveCfg = Debug|Any CPU
		{04555EDD-A17C-4A6E-8D29-A64751ABE9D2}.Debug|Any CPU.Build.0 = Debug|Any CPU
		{04555EDD-A17C-4A6E-8D29-A64751ABE9D2}.Release|Any CPU.ActiveCfg = Release|Any CPU
		{04555EDD-A17C-4A6E-8D29-A64751ABE9D2}.Release|Any CPU.Build.0 = Release|Any CPU
		{8D407F40-15D8-46BF-BD3B-A64DD6E2BFF3}.Debug|Any CPU.ActiveCfg = Debug|Any CPU
		{8D407F40-15D8-46BF-BD3B-A64DD6E2BFF3}.Debug|Any CPU.Build.0 = Debug|Any CPU
		{8D407F40-15D8-46BF-BD3B-A64DD6E2BFF3}.Release|Any CPU.ActiveCfg = Release|Any CPU
		{8D407F40-15D8-46BF-BD3B-A64DD6E2BFF3}.Release|Any CPU.Build.0 = Release|Any CPU
		{7D1957F1-158B-4D27-A146-CAB93E41756A}.Debug|Any CPU.ActiveCfg = Debug|Any CPU
		{7D1957F1-158B-4D27-A146-CAB93E41756A}.Debug|Any CPU.Build.0 = Debug|Any CPU
		{7D1957F1-158B-4D27-A146-CAB93E41756A}.Release|Any CPU.ActiveCfg = Release|Any CPU
		{7D1957F1-158B-4D27-A146-CAB93E41756A}.Release|Any CPU.Build.0 = Release|Any CPU
		{465C36CA-CF19-415C-91D1-83D2EA60DE51}.Debug|Any CPU.ActiveCfg = Debug|Any CPU
		{465C36CA-CF19-415C-91D1-83D2EA60DE51}.Debug|Any CPU.Build.0 = Debug|Any CPU
		{465C36CA-CF19-415C-91D1-83D2EA60DE51}.Release|Any CPU.ActiveCfg = Release|Any CPU
		{465C36CA-CF19-415C-91D1-83D2EA60DE51}.Release|Any CPU.Build.0 = Release|Any CPU
		{ED45045A-BF5E-42E5-BFAE-6A6BA7285D1C}.Debug|Any CPU.ActiveCfg = Debug|Any CPU
		{ED45045A-BF5E-42E5-BFAE-6A6BA7285D1C}.Debug|Any CPU.Build.0 = Debug|Any CPU
		{ED45045A-BF5E-42E5-BFAE-6A6BA7285D1C}.Release|Any CPU.ActiveCfg = Release|Any CPU
		{ED45045A-BF5E-42E5-BFAE-6A6BA7285D1C}.Release|Any CPU.Build.0 = Release|Any CPU
		{704C6DFF-AA3B-4260-A306-C7D8A590EA70}.Debug|Any CPU.ActiveCfg = Debug|Any CPU
		{704C6DFF-AA3B-4260-A306-C7D8A590EA70}.Debug|Any CPU.Build.0 = Debug|Any CPU
		{704C6DFF-AA3B-4260-A306-C7D8A590EA70}.Release|Any CPU.ActiveCfg = Release|Any CPU
		{704C6DFF-AA3B-4260-A306-C7D8A590EA70}.Release|Any CPU.Build.0 = Release|Any CPU
		{7555D79F-A146-4178-948B-82D5CBBA9D7F}.Debug|Any CPU.ActiveCfg = Debug|Any CPU
		{7555D79F-A146-4178-948B-82D5CBBA9D7F}.Debug|Any CPU.Build.0 = Debug|Any CPU
		{7555D79F-A146-4178-948B-82D5CBBA9D7F}.Release|Any CPU.ActiveCfg = Release|Any CPU
		{7555D79F-A146-4178-948B-82D5CBBA9D7F}.Release|Any CPU.Build.0 = Release|Any CPU
		{6E9F7A24-0AF4-4F61-BA98-EF57B0054618}.Debug|Any CPU.ActiveCfg = Debug|Any CPU
		{6E9F7A24-0AF4-4F61-BA98-EF57B0054618}.Debug|Any CPU.Build.0 = Debug|Any CPU
		{6E9F7A24-0AF4-4F61-BA98-EF57B0054618}.Release|Any CPU.ActiveCfg = Release|Any CPU
		{6E9F7A24-0AF4-4F61-BA98-EF57B0054618}.Release|Any CPU.Build.0 = Release|Any CPU
		{59E2F802-2E20-494E-A2F6-28E70F9B650E}.Debug|Any CPU.ActiveCfg = Debug|Any CPU
		{59E2F802-2E20-494E-A2F6-28E70F9B650E}.Debug|Any CPU.Build.0 = Debug|Any CPU
		{59E2F802-2E20-494E-A2F6-28E70F9B650E}.Release|Any CPU.ActiveCfg = Release|Any CPU
		{59E2F802-2E20-494E-A2F6-28E70F9B650E}.Release|Any CPU.Build.0 = Release|Any CPU
		{A9A86A2E-7338-4B26-B9BF-0F0A645C94CD}.Debug|Any CPU.ActiveCfg = Debug|Any CPU
		{A9A86A2E-7338-4B26-B9BF-0F0A645C94CD}.Debug|Any CPU.Build.0 = Debug|Any CPU
		{A9A86A2E-7338-4B26-B9BF-0F0A645C94CD}.Release|Any CPU.ActiveCfg = Release|Any CPU
		{A9A86A2E-7338-4B26-B9BF-0F0A645C94CD}.Release|Any CPU.Build.0 = Release|Any CPU
	EndGlobalSection
	GlobalSection(SolutionProperties) = preSolution
		HideSolutionNode = FALSE
	EndGlobalSection
	GlobalSection(NestedProjects) = preSolution
		{F5EA31E6-094B-4AE8-A11C-1964A6C9CD63} = {681036A1-1744-4F86-BBC8-82EDC9C0216C}
		{04A1CCBC-BDC6-4C31-9F6F-DD67EC984913} = {09519B28-B76B-453D-B020-BC11B56DCF3D}
		{3DC24AB7-FCF1-4883-A22D-9DA7F48B90B9} = {7350992E-44A7-438C-9A8A-2251C99D05C3}
		{921C6CA1-A39B-4975-9F3B-DDD4B751DA3A} = {09519B28-B76B-453D-B020-BC11B56DCF3D}
		{34EA0926-BD96-4D00-BA96-061E0772586A} = {E28F540A-69D5-4157-826A-F6C57679DC33}
		{DB6DDE26-BF80-44A3-A66B-985A6CD7173B} = {9936ECC0-D230-4196-BD71-A4EBB5B45B80}
		{C318FE44-48AE-45CD-8010-566ECD4CB5DA} = {9936ECC0-D230-4196-BD71-A4EBB5B45B80}
		{94CEE910-AEBA-40E0-AE58-AC0182B2FC5F} = {9936ECC0-D230-4196-BD71-A4EBB5B45B80}
		{7D83F9E7-9CFB-4E09-A513-D5A2D0DEF2A9} = {9936ECC0-D230-4196-BD71-A4EBB5B45B80}
		{A4BDAF1E-B263-491C-B717-EEF8752240E7} = {9936ECC0-D230-4196-BD71-A4EBB5B45B80}
		{04555EDD-A17C-4A6E-8D29-A64751ABE9D2} = {9936ECC0-D230-4196-BD71-A4EBB5B45B80}
		{8D407F40-15D8-46BF-BD3B-A64DD6E2BFF3} = {9936ECC0-D230-4196-BD71-A4EBB5B45B80}
		{9936ECC0-D230-4196-BD71-A4EBB5B45B80} = {34EA0926-BD96-4D00-BA96-061E0772586A}
		{8E6D7946-CA63-48BF-87CD-A69A9FB491E5} = {34EA0926-BD96-4D00-BA96-061E0772586A}
		{7D1957F1-158B-4D27-A146-CAB93E41756A} = {8E6D7946-CA63-48BF-87CD-A69A9FB491E5}
		{465C36CA-CF19-415C-91D1-83D2EA60DE51} = {8E6D7946-CA63-48BF-87CD-A69A9FB491E5}
		{ED45045A-BF5E-42E5-BFAE-6A6BA7285D1C} = {8E6D7946-CA63-48BF-87CD-A69A9FB491E5}
		{704C6DFF-AA3B-4260-A306-C7D8A590EA70} = {8E6D7946-CA63-48BF-87CD-A69A9FB491E5}
		{7555D79F-A146-4178-948B-82D5CBBA9D7F} = {8E6D7946-CA63-48BF-87CD-A69A9FB491E5}
		{6E9F7A24-0AF4-4F61-BA98-EF57B0054618} = {09519B28-B76B-453D-B020-BC11B56DCF3D}
		{59E2F802-2E20-494E-A2F6-28E70F9B650E} = {A7B8A016-C3B3-4315-93C3-EE3EE0C27706}
		{A9A86A2E-7338-4B26-B9BF-0F0A645C94CD} = {A7B8A016-C3B3-4315-93C3-EE3EE0C27706}
	EndGlobalSection
	GlobalSection(ExtensibilityGlobals) = postSolution
		SolutionGuid = {92A79A16-FA94-4FBA-88C4-C937C22B1BBE}
	EndGlobalSection
EndGlobal
